// !$*UTF8*$!
{
	archiveVersion = 1;
	classes = {
	};
	objectVersion = 55;
	objects = {

/* Begin PBXBuildFile section */
		59047992BDB6B344B3129E6A /* Pods_Using_TOTP_Example.framework in Frameworks */ = {isa = PBXBuildFile; fileRef = D0016953FDD91DB26ED54268 /* Pods_Using_TOTP_Example.framework */; };
		7E40B456277ACEFF0010E214 /* Using_TOTP_ExampleApp.swift in Sources */ = {isa = PBXBuildFile; fileRef = 7E40B455277ACEFF0010E214 /* Using_TOTP_ExampleApp.swift */; };
		7E40B458277ACEFF0010E214 /* ContentView.swift in Sources */ = {isa = PBXBuildFile; fileRef = 7E40B457277ACEFF0010E214 /* ContentView.swift */; };
		7E40B45A277ACEFF0010E214 /* Assets.xcassets in Resources */ = {isa = PBXBuildFile; fileRef = 7E40B459277ACEFF0010E214 /* Assets.xcassets */; };
		7E40B45D277ACEFF0010E214 /* Preview Assets.xcassets in Resources */ = {isa = PBXBuildFile; fileRef = 7E40B45C277ACEFF0010E214 /* Preview Assets.xcassets */; };
		7E40B466277B51900010E214 /* SetupOTPView.swift in Sources */ = {isa = PBXBuildFile; fileRef = 7E40B465277B51900010E214 /* SetupOTPView.swift */; };
		7E40B468277B56CC0010E214 /* AuthenticationServices.framework in Frameworks */ = {isa = PBXBuildFile; fileRef = 7E40B467277B56CC0010E214 /* AuthenticationServices.framework */; };
/* End PBXBuildFile section */

/* Begin PBXFileReference section */
		087504058A3DA521408FBD9E /* Pods-Using TOTP Example.release.xcconfig */ = {isa = PBXFileReference; includeInIndex = 1; lastKnownFileType = text.xcconfig; name = "Pods-Using TOTP Example.release.xcconfig"; path = "Target Support Files/Pods-Using TOTP Example/Pods-Using TOTP Example.release.xcconfig"; sourceTree = "<group>"; };
		215A1FB2BA679577912083CB /* Pods-Using TOTP Example.debug.xcconfig */ = {isa = PBXFileReference; includeInIndex = 1; lastKnownFileType = text.xcconfig; name = "Pods-Using TOTP Example.debug.xcconfig"; path = "Target Support Files/Pods-Using TOTP Example/Pods-Using TOTP Example.debug.xcconfig"; sourceTree = "<group>"; };
		7E40B452277ACEFF0010E214 /* Using TOTP Example.app */ = {isa = PBXFileReference; explicitFileType = wrapper.application; includeInIndex = 0; path = "Using TOTP Example.app"; sourceTree = BUILT_PRODUCTS_DIR; };
		7E40B455277ACEFF0010E214 /* Using_TOTP_ExampleApp.swift */ = {isa = PBXFileReference; lastKnownFileType = sourcecode.swift; path = Using_TOTP_ExampleApp.swift; sourceTree = "<group>"; };
		7E40B457277ACEFF0010E214 /* ContentView.swift */ = {isa = PBXFileReference; lastKnownFileType = sourcecode.swift; path = ContentView.swift; sourceTree = "<group>"; };
		7E40B459277ACEFF0010E214 /* Assets.xcassets */ = {isa = PBXFileReference; lastKnownFileType = folder.assetcatalog; path = Assets.xcassets; sourceTree = "<group>"; };
		7E40B45C277ACEFF0010E214 /* Preview Assets.xcassets */ = {isa = PBXFileReference; lastKnownFileType = folder.assetcatalog; path = "Preview Assets.xcassets"; sourceTree = "<group>"; };
		7E40B463277B209D0010E214 /* Using-TOTP-Example-Info.plist */ = {isa = PBXFileReference; lastKnownFileType = text.plist; path = "Using-TOTP-Example-Info.plist"; sourceTree = SOURCE_ROOT; };
		7E40B464277B3A4C0010E214 /* Using TOTP Example.entitlements */ = {isa = PBXFileReference; lastKnownFileType = text.plist.entitlements; path = "Using TOTP Example.entitlements"; sourceTree = "<group>"; };
		7E40B465277B51900010E214 /* SetupOTPView.swift */ = {isa = PBXFileReference; lastKnownFileType = sourcecode.swift; path = SetupOTPView.swift; sourceTree = "<group>"; };
		7E40B467277B56CC0010E214 /* AuthenticationServices.framework */ = {isa = PBXFileReference; lastKnownFileType = wrapper.framework; name = AuthenticationServices.framework; path = System/Library/Frameworks/AuthenticationServices.framework; sourceTree = SDKROOT; };
		D0016953FDD91DB26ED54268 /* Pods_Using_TOTP_Example.framework */ = {isa = PBXFileReference; explicitFileType = wrapper.framework; includeInIndex = 0; path = Pods_Using_TOTP_Example.framework; sourceTree = BUILT_PRODUCTS_DIR; };
/* End PBXFileReference section */

/* Begin PBXFrameworksBuildPhase section */
		7E40B44F277ACEFF0010E214 /* Frameworks */ = {
			isa = PBXFrameworksBuildPhase;
			buildActionMask = 2147483647;
			files = (
				7E40B468277B56CC0010E214 /* AuthenticationServices.framework in Frameworks */,
				59047992BDB6B344B3129E6A /* Pods_Using_TOTP_Example.framework in Frameworks */,
			);
			runOnlyForDeploymentPostprocessing = 0;
		};
/* End PBXFrameworksBuildPhase section */

/* Begin PBXGroup section */
		7E40B449277ACEFF0010E214 = {
			isa = PBXGroup;
			children = (
				7E40B454277ACEFF0010E214 /* Using TOTP Example */,
				7E40B453277ACEFF0010E214 /* Products */,
				92877D43307634336CB1A792 /* Pods */,
				8C2AB2E51CE9137C8102A620 /* Frameworks */,
			);
			sourceTree = "<group>";
		};
		7E40B453277ACEFF0010E214 /* Products */ = {
			isa = PBXGroup;
			children = (
				7E40B452277ACEFF0010E214 /* Using TOTP Example.app */,
			);
			name = Products;
			sourceTree = "<group>";
		};
		7E40B454277ACEFF0010E214 /* Using TOTP Example */ = {
			isa = PBXGroup;
			children = (
				7E40B464277B3A4C0010E214 /* Using TOTP Example.entitlements */,
				7E40B463277B209D0010E214 /* Using-TOTP-Example-Info.plist */,
				7E40B455277ACEFF0010E214 /* Using_TOTP_ExampleApp.swift */,
				7E40B457277ACEFF0010E214 /* ContentView.swift */,
				7E40B465277B51900010E214 /* SetupOTPView.swift */,
				7E40B459277ACEFF0010E214 /* Assets.xcassets */,
				7E40B45B277ACEFF0010E214 /* Preview Content */,
			);
			path = "Using TOTP Example";
			sourceTree = "<group>";
		};
		7E40B45B277ACEFF0010E214 /* Preview Content */ = {
			isa = PBXGroup;
			children = (
				7E40B45C277ACEFF0010E214 /* Preview Assets.xcassets */,
			);
			path = "Preview Content";
			sourceTree = "<group>";
		};
		8C2AB2E51CE9137C8102A620 /* Frameworks */ = {
			isa = PBXGroup;
			children = (
				7E40B467277B56CC0010E214 /* AuthenticationServices.framework */,
				D0016953FDD91DB26ED54268 /* Pods_Using_TOTP_Example.framework */,
			);
			name = Frameworks;
			sourceTree = "<group>";
		};
		92877D43307634336CB1A792 /* Pods */ = {
			isa = PBXGroup;
			children = (
				215A1FB2BA679577912083CB /* Pods-Using TOTP Example.debug.xcconfig */,
				087504058A3DA521408FBD9E /* Pods-Using TOTP Example.release.xcconfig */,
			);
			path = Pods;
			sourceTree = "<group>";
		};
/* End PBXGroup section */

/* Begin PBXNativeTarget section */
		7E40B451277ACEFF0010E214 /* Using TOTP Example */ = {
			isa = PBXNativeTarget;
			buildConfigurationList = 7E40B460277ACEFF0010E214 /* Build configuration list for PBXNativeTarget "Using TOTP Example" */;
			buildPhases = (
				D72E57831D29EA44F5758106 /* [CP] Check Pods Manifest.lock */,
				7E40B44E277ACEFF0010E214 /* Sources */,
				7E40B44F277ACEFF0010E214 /* Frameworks */,
				7E40B450277ACEFF0010E214 /* Resources */,
			);
			buildRules = (
			);
			dependencies = (
			);
			name = "Using TOTP Example";
			productName = "Using TOTP Example";
			productReference = 7E40B452277ACEFF0010E214 /* Using TOTP Example.app */;
			productType = "com.apple.product-type.application";
		};
/* End PBXNativeTarget section */

/* Begin PBXProject section */
		7E40B44A277ACEFF0010E214 /* Project object */ = {
			isa = PBXProject;
			attributes = {
				BuildIndependentTargetsInParallel = 1;
				LastSwiftUpdateCheck = 1320;
				LastUpgradeCheck = 1320;
				TargetAttributes = {
					7E40B451277ACEFF0010E214 = {
						CreatedOnToolsVersion = 13.2.1;
					};
				};
			};
			buildConfigurationList = 7E40B44D277ACEFF0010E214 /* Build configuration list for PBXProject "Using TOTP Example" */;
			compatibilityVersion = "Xcode 13.0";
			developmentRegion = en;
			hasScannedForEncodings = 0;
			knownRegions = (
				en,
				Base,
			);
			mainGroup = 7E40B449277ACEFF0010E214;
			productRefGroup = 7E40B453277ACEFF0010E214 /* Products */;
			projectDirPath = "";
			projectRoot = "";
			targets = (
				7E40B451277ACEFF0010E214 /* Using TOTP Example */,
			);
		};
/* End PBXProject section */

/* Begin PBXResourcesBuildPhase section */
		7E40B450277ACEFF0010E214 /* Resources */ = {
			isa = PBXResourcesBuildPhase;
			buildActionMask = 2147483647;
			files = (
				7E40B45D277ACEFF0010E214 /* Preview Assets.xcassets in Resources */,
				7E40B45A277ACEFF0010E214 /* Assets.xcassets in Resources */,
			);
			runOnlyForDeploymentPostprocessing = 0;
		};
/* End PBXResourcesBuildPhase section */

/* Begin PBXShellScriptBuildPhase section */
		D72E57831D29EA44F5758106 /* [CP] Check Pods Manifest.lock */ = {
			isa = PBXShellScriptBuildPhase;
			buildActionMask = 2147483647;
			files = (
			);
			inputFileListPaths = (
			);
			inputPaths = (
				"${PODS_PODFILE_DIR_PATH}/Podfile.lock",
				"${PODS_ROOT}/Manifest.lock",
			);
			name = "[CP] Check Pods Manifest.lock";
			outputFileListPaths = (
			);
			outputPaths = (
				"$(DERIVED_FILE_DIR)/Pods-Using TOTP Example-checkManifestLockResult.txt",
			);
			runOnlyForDeploymentPostprocessing = 0;
			shellPath = /bin/sh;
			shellScript = "diff \"${PODS_PODFILE_DIR_PATH}/Podfile.lock\" \"${PODS_ROOT}/Manifest.lock\" > /dev/null\nif [ $? != 0 ] ; then\n    # print error to STDERR\n    echo \"error: The sandbox is not in sync with the Podfile.lock. Run 'pod install' or update your CocoaPods installation.\" >&2\n    exit 1\nfi\n# This output is used by Xcode 'outputs' to avoid re-running this script phase.\necho \"SUCCESS\" > \"${SCRIPT_OUTPUT_FILE_0}\"\n";
			showEnvVarsInLog = 0;
		};
/* End PBXShellScriptBuildPhase section */

/* Begin PBXSourcesBuildPhase section */
		7E40B44E277ACEFF0010E214 /* Sources */ = {
			isa = PBXSourcesBuildPhase;
			buildActionMask = 2147483647;
			files = (
				7E40B458277ACEFF0010E214 /* ContentView.swift in Sources */,
				7E40B466277B51900010E214 /* SetupOTPView.swift in Sources */,
				7E40B456277ACEFF0010E214 /* Using_TOTP_ExampleApp.swift in Sources */,
			);
			runOnlyForDeploymentPostprocessing = 0;
		};
/* End PBXSourcesBuildPhase section */

/* Begin XCBuildConfiguration section */
		7E40B45E277ACEFF0010E214 /* Debug */ = {
			isa = XCBuildConfiguration;
			buildSettings = {
				ALWAYS_SEARCH_USER_PATHS = NO;
				CLANG_ANALYZER_NONNULL = YES;
				CLANG_ANALYZER_NUMBER_OBJECT_CONVERSION = YES_AGGRESSIVE;
				CLANG_CXX_LANGUAGE_STANDARD = "gnu++17";
				CLANG_CXX_LIBRARY = "libc++";
				CLANG_ENABLE_MODULES = YES;
				CLANG_ENABLE_OBJC_ARC = YES;
				CLANG_ENABLE_OBJC_WEAK = YES;
				CLANG_WARN_BLOCK_CAPTURE_AUTORELEASING = YES;
				CLANG_WARN_BOOL_CONVERSION = YES;
				CLANG_WARN_COMMA = YES;
				CLANG_WARN_CONSTANT_CONVERSION = YES;
				CLANG_WARN_DEPRECATED_OBJC_IMPLEMENTATIONS = YES;
				CLANG_WARN_DIRECT_OBJC_ISA_USAGE = YES_ERROR;
				CLANG_WARN_DOCUMENTATION_COMMENTS = YES;
				CLANG_WARN_EMPTY_BODY = YES;
				CLANG_WARN_ENUM_CONVERSION = YES;
				CLANG_WARN_INFINITE_RECURSION = YES;
				CLANG_WARN_INT_CONVERSION = YES;
				CLANG_WARN_NON_LITERAL_NULL_CONVERSION = YES;
				CLANG_WARN_OBJC_IMPLICIT_RETAIN_SELF = YES;
				CLANG_WARN_OBJC_LITERAL_CONVERSION = YES;
				CLANG_WARN_OBJC_ROOT_CLASS = YES_ERROR;
				CLANG_WARN_QUOTED_INCLUDE_IN_FRAMEWORK_HEADER = YES;
				CLANG_WARN_RANGE_LOOP_ANALYSIS = YES;
				CLANG_WARN_STRICT_PROTOTYPES = YES;
				CLANG_WARN_SUSPICIOUS_MOVE = YES;
				CLANG_WARN_UNGUARDED_AVAILABILITY = YES_AGGRESSIVE;
				CLANG_WARN_UNREACHABLE_CODE = YES;
				CLANG_WARN__DUPLICATE_METHOD_MATCH = YES;
				COPY_PHASE_STRIP = NO;
				DEBUG_INFORMATION_FORMAT = dwarf;
				ENABLE_STRICT_OBJC_MSGSEND = YES;
				ENABLE_TESTABILITY = YES;
				GCC_C_LANGUAGE_STANDARD = gnu11;
				GCC_DYNAMIC_NO_PIC = NO;
				GCC_NO_COMMON_BLOCKS = YES;
				GCC_OPTIMIZATION_LEVEL = 0;
				GCC_PREPROCESSOR_DEFINITIONS = (
					"DEBUG=1",
					"$(inherited)",
				);
				GCC_WARN_64_TO_32_BIT_CONVERSION = YES;
				GCC_WARN_ABOUT_RETURN_TYPE = YES_ERROR;
				GCC_WARN_UNDECLARED_SELECTOR = YES;
				GCC_WARN_UNINITIALIZED_AUTOS = YES_AGGRESSIVE;
				GCC_WARN_UNUSED_FUNCTION = YES;
				GCC_WARN_UNUSED_VARIABLE = YES;
				IPHONEOS_DEPLOYMENT_TARGET = 15;
				MTL_ENABLE_DEBUG_INFO = INCLUDE_SOURCE;
				MTL_FAST_MATH = YES;
				ONLY_ACTIVE_ARCH = YES;
				SDKROOT = iphoneos;
				SWIFT_ACTIVE_COMPILATION_CONDITIONS = DEBUG;
				SWIFT_OPTIMIZATION_LEVEL = "-Onone";
			};
			name = Debug;
		};
		7E40B45F277ACEFF0010E214 /* Release */ = {
			isa = XCBuildConfiguration;
			buildSettings = {
				ALWAYS_SEARCH_USER_PATHS = NO;
				CLANG_ANALYZER_NONNULL = YES;
				CLANG_ANALYZER_NUMBER_OBJECT_CONVERSION = YES_AGGRESSIVE;
				CLANG_CXX_LANGUAGE_STANDARD = "gnu++17";
				CLANG_CXX_LIBRARY = "libc++";
				CLANG_ENABLE_MODULES = YES;
				CLANG_ENABLE_OBJC_ARC = YES;
				CLANG_ENABLE_OBJC_WEAK = YES;
				CLANG_WARN_BLOCK_CAPTURE_AUTORELEASING = YES;
				CLANG_WARN_BOOL_CONVERSION = YES;
				CLANG_WARN_COMMA = YES;
				CLANG_WARN_CONSTANT_CONVERSION = YES;
				CLANG_WARN_DEPRECATED_OBJC_IMPLEMENTATIONS = YES;
				CLANG_WARN_DIRECT_OBJC_ISA_USAGE = YES_ERROR;
				CLANG_WARN_DOCUMENTATION_COMMENTS = YES;
				CLANG_WARN_EMPTY_BODY = YES;
				CLANG_WARN_ENUM_CONVERSION = YES;
				CLANG_WARN_INFINITE_RECURSION = YES;
				CLANG_WARN_INT_CONVERSION = YES;
				CLANG_WARN_NON_LITERAL_NULL_CONVERSION = YES;
				CLANG_WARN_OBJC_IMPLICIT_RETAIN_SELF = YES;
				CLANG_WARN_OBJC_LITERAL_CONVERSION = YES;
				CLANG_WARN_OBJC_ROOT_CLASS = YES_ERROR;
				CLANG_WARN_QUOTED_INCLUDE_IN_FRAMEWORK_HEADER = YES;
				CLANG_WARN_RANGE_LOOP_ANALYSIS = YES;
				CLANG_WARN_STRICT_PROTOTYPES = YES;
				CLANG_WARN_SUSPICIOUS_MOVE = YES;
				CLANG_WARN_UNGUARDED_AVAILABILITY = YES_AGGRESSIVE;
				CLANG_WARN_UNREACHABLE_CODE = YES;
				CLANG_WARN__DUPLICATE_METHOD_MATCH = YES;
				COPY_PHASE_STRIP = NO;
				DEBUG_INFORMATION_FORMAT = "dwarf-with-dsym";
				ENABLE_NS_ASSERTIONS = NO;
				ENABLE_STRICT_OBJC_MSGSEND = YES;
				GCC_C_LANGUAGE_STANDARD = gnu11;
				GCC_NO_COMMON_BLOCKS = YES;
				GCC_WARN_64_TO_32_BIT_CONVERSION = YES;
				GCC_WARN_ABOUT_RETURN_TYPE = YES_ERROR;
				GCC_WARN_UNDECLARED_SELECTOR = YES;
				GCC_WARN_UNINITIALIZED_AUTOS = YES_AGGRESSIVE;
				GCC_WARN_UNUSED_FUNCTION = YES;
				GCC_WARN_UNUSED_VARIABLE = YES;
				IPHONEOS_DEPLOYMENT_TARGET = 15;
				MTL_ENABLE_DEBUG_INFO = NO;
				MTL_FAST_MATH = YES;
				SDKROOT = iphoneos;
				SWIFT_COMPILATION_MODE = wholemodule;
				SWIFT_OPTIMIZATION_LEVEL = "-O";
				VALIDATE_PRODUCT = YES;
			};
			name = Release;
		};
		7E40B461277ACEFF0010E214 /* Debug */ = {
			isa = XCBuildConfiguration;
			baseConfigurationReference = 215A1FB2BA679577912083CB /* Pods-Using TOTP Example.debug.xcconfig */;
			buildSettings = {
				ASSETCATALOG_COMPILER_APPICON_NAME = AppIcon;
				ASSETCATALOG_COMPILER_GLOBAL_ACCENT_COLOR_NAME = AccentColor;
				CODE_SIGN_ENTITLEMENTS = "Using TOTP Example/Using TOTP Example.entitlements";
				CODE_SIGN_STYLE = Automatic;
				CURRENT_PROJECT_VERSION = 1;
				DEVELOPMENT_ASSET_PATHS = "\"Using TOTP Example/Preview Content\"";
				DEVELOPMENT_TEAM = R834SF9E2D;
				ENABLE_PREVIEWS = YES;
				GENERATE_INFOPLIST_FILE = YES;
				INFOPLIST_FILE = "Using-TOTP-Example-Info.plist";
				INFOPLIST_KEY_UIApplicationSceneManifest_Generation = YES;
				INFOPLIST_KEY_UIApplicationSupportsIndirectInputEvents = YES;
				INFOPLIST_KEY_UILaunchScreen_Generation = YES;
				INFOPLIST_KEY_UISupportedInterfaceOrientations_iPad = "UIInterfaceOrientationPortrait UIInterfaceOrientationPortraitUpsideDown UIInterfaceOrientationLandscapeLeft UIInterfaceOrientationLandscapeRight";
				INFOPLIST_KEY_UISupportedInterfaceOrientations_iPhone = "UIInterfaceOrientationPortrait UIInterfaceOrientationLandscapeLeft UIInterfaceOrientationLandscapeRight";
				LD_RUNPATH_SEARCH_PATHS = (
					"$(inherited)",
					"@executable_path/Frameworks",
				);
				MARKETING_VERSION = 1.0;
				PRODUCT_BUNDLE_IDENTIFIER = "com.makeeyaf.Using-TOTP-Example";
				PRODUCT_NAME = "$(TARGET_NAME)";
				SWIFT_EMIT_LOC_STRINGS = YES;
				SWIFT_VERSION = 5.0;
				TARGETED_DEVICE_FAMILY = 1;
			};
			name = Debug;
		};
		7E40B462277ACEFF0010E214 /* Release */ = {
			isa = XCBuildConfiguration;
			baseConfigurationReference = 087504058A3DA521408FBD9E /* Pods-Using TOTP Example.release.xcconfig */;
			buildSettings = {
				ASSETCATALOG_COMPILER_APPICON_NAME = AppIcon;
				ASSETCATALOG_COMPILER_GLOBAL_ACCENT_COLOR_NAME = AccentColor;
				CODE_SIGN_ENTITLEMENTS = "Using TOTP Example/Using TOTP Example.entitlements";
				CODE_SIGN_STYLE = Automatic;
				CURRENT_PROJECT_VERSION = 1;
				DEVELOPMENT_ASSET_PATHS = "\"Using TOTP Example/Preview Content\"";
				DEVELOPMENT_TEAM = R834SF9E2D;
				ENABLE_PREVIEWS = YES;
				GENERATE_INFOPLIST_FILE = YES;
				INFOPLIST_FILE = "Using-TOTP-Example-Info.plist";
				INFOPLIST_KEY_UIApplicationSceneManifest_Generation = YES;
				INFOPLIST_KEY_UIApplicationSupportsIndirectInputEvents = YES;
				INFOPLIST_KEY_UILaunchScreen_Generation = YES;
				INFOPLIST_KEY_UISupportedInterfaceOrientations_iPad = "UIInterfaceOrientationPortrait UIInterfaceOrientationPortraitUpsideDown UIInterfaceOrientationLandscapeLeft UIInterfaceOrientationLandscapeRight";
				INFOPLIST_KEY_UISupportedInterfaceOrientations_iPhone = "UIInterfaceOrientationPortrait UIInterfaceOrientationLandscapeLeft UIInterfaceOrientationLandscapeRight";
				LD_RUNPATH_SEARCH_PATHS = (
					"$(inherited)",
					"@executable_path/Frameworks",
				);
				MARKETING_VERSION = 1.0;
				PRODUCT_BUNDLE_IDENTIFIER = "com.makeeyaf.Using-TOTP-Example";
				PRODUCT_NAME = "$(TARGET_NAME)";
				SWIFT_EMIT_LOC_STRINGS = YES;
				SWIFT_VERSION = 5.0;
				TARGETED_DEVICE_FAMILY = 1;
			};
			name = Release;
		};
/* End XCBuildConfiguration section */

/* Begin XCConfigurationList section */
		7E40B44D277ACEFF0010E214 /* Build configuration list for PBXProject "Using TOTP Example" */ = {
			isa = XCConfigurationList;
			buildConfigurations = (
				7E40B45E277ACEFF0010E214 /* Debug */,
				7E40B45F277ACEFF0010E214 /* Release */,
			);
			defaultConfigurationIsVisible = 0;
			defaultConfigurationName = Release;
		};
		7E40B460277ACEFF0010E214 /* Build configuration list for PBXNativeTarget "Using TOTP Example" */ = {
			isa = XCConfigurationList;
			buildConfigurations = (
				7E40B461277ACEFF0010E214 /* Debug */,
				7E40B462277ACEFF0010E214 /* Release */,
			);
			defaultConfigurationIsVisible = 0;
			defaultConfigurationName = Release;
		};
/* End XCConfigurationList section */
	};
	rootObject = 7E40B44A277ACEFF0010E214 /* Project object */;
}
